
Microsoft Visual Studio Solution File, Format Version 12.00
# Visual Studio Version 17
VisualStudioVersion = 17.13.35825.156 d17.13
MinimumVisualStudioVersion = 10.0.40219.1
Project("{FAE04EC0-301F-11D3-BF4B-00C04F79EFBC}") = "PWR_dotNER_Pr1", "PWR_dotNER_Pr1\PWR_dotNER_Pr1.csproj", "{DE4339EB-04B1-4A25-8F68-B8B164A4B003}"
EndProject
Global
	GlobalSection(SolutionConfigurationPlatforms) = preSolution
		Debug|Any CPU = Debug|Any CPU
		Release|Any CPU = Release|Any CPU
	EndGlobalSection
	GlobalSection(ProjectConfigurationPlatforms) = postSolution
		{DE4339EB-04B1-4A25-8F68-B8B164A4B003}.Debug|Any CPU.ActiveCfg = Debug|Any CPU
		{DE4339EB-04B1-4A25-8F68-B8B164A4B003}.Debug|Any CPU.Build.0 = Debug|Any CPU
		{DE4339EB-04B1-4A25-8F68-B8B164A4B003}.Release|Any CPU.ActiveCfg = Release|Any CPU
		{DE4339EB-04B1-4A25-8F68-B8B164A4B003}.Release|Any CPU.Build.0 = Release|Any CPU
	EndGlobalSection
	GlobalSection(SolutionProperties) = preSolution
		HideSolutionNode = FALSE
	EndGlobalSection
	GlobalSection(ExtensibilityGlobals) = postSolution
		SolutionGuid = {E0409BB7-63AC-4F63-A132-E52CB5CE7D90}
	EndGlobalSection
EndGlobal
